
Microsoft Visual Studio Solution File, Format Version 12.00
# Visual Studio Version 16
VisualStudioVersion = 16.0.30804.86
MinimumVisualStudioVersion = 10.0.40219.1
Project("{FAE04EC0-301F-11D3-BF4B-00C04F79EFBC}") = "Web", "Web\Web.csproj", "{89CB375F-0EB9-4013-8854-C50C059105D8}"
EndProject
Project("{FAE04EC0-301F-11D3-BF4B-00C04F79EFBC}") = "DataAccess", "DataAccess\DataAccess.csproj", "{928E7335-496C-4D2E-9E91-03720D354552}"
EndProject
Project("{FAE04EC0-301F-11D3-BF4B-00C04F79EFBC}") = "Common", "Common\Common.csproj", "{7CBFC85E-7333-4A65-B80A-0CF65608E189}"
EndProject
Project("{FAE04EC0-301F-11D3-BF4B-00C04F79EFBC}") = "Services", "Services\Services.csproj", "{874C8E11-1ADB-4649-8884-CECCA53319AE}"
EndProject
Project("{FAE04EC0-301F-11D3-BF4B-00C04F79EFBC}") = "Test", "Test\Test.csproj", "{3D2AD456-B36E-4600-9D28-D96A6DF10EBE}"
EndProject
Global
	GlobalSection(SolutionConfigurationPlatforms) = preSolution
		Debug|Any CPU = Debug|Any CPU
		Release|Any CPU = Release|Any CPU
	EndGlobalSection
	GlobalSection(ProjectConfigurationPlatforms) = postSolution
		{89CB375F-0EB9-4013-8854-C50C059105D8}.Debug|Any CPU.ActiveCfg = Debug|Any CPU
		{89CB375F-0EB9-4013-8854-C50C059105D8}.Debug|Any CPU.Build.0 = Debug|Any CPU
		{89CB375F-0EB9-4013-8854-C50C059105D8}.Release|Any CPU.ActiveCfg = Release|Any CPU
		{89CB375F-0EB9-4013-8854-C50C059105D8}.Release|Any CPU.Build.0 = Release|Any CPU
		{928E7335-496C-4D2E-9E91-03720D354552}.Debug|Any CPU.ActiveCfg = Debug|Any CPU
		{928E7335-496C-4D2E-9E91-03720D354552}.Debug|Any CPU.Build.0 = Debug|Any CPU
		{928E7335-496C-4D2E-9E91-03720D354552}.Release|Any CPU.ActiveCfg = Release|Any CPU
		{928E7335-496C-4D2E-9E91-03720D354552}.Release|Any CPU.Build.0 = Release|Any CPU
		{7CBFC85E-7333-4A65-B80A-0CF65608E189}.Debug|Any CPU.ActiveCfg = Debug|Any CPU
		{7CBFC85E-7333-4A65-B80A-0CF65608E189}.Debug|Any CPU.Build.0 = Debug|Any CPU
		{7CBFC85E-7333-4A65-B80A-0CF65608E189}.Release|Any CPU.ActiveCfg = Release|Any CPU
		{7CBFC85E-7333-4A65-B80A-0CF65608E189}.Release|Any CPU.Build.0 = Release|Any CPU
		{874C8E11-1ADB-4649-8884-CECCA53319AE}.Debug|Any CPU.ActiveCfg = Debug|Any CPU
		{874C8E11-1ADB-4649-8884-CECCA53319AE}.Debug|Any CPU.Build.0 = Debug|Any CPU
		{874C8E11-1ADB-4649-8884-CECCA53319AE}.Release|Any CPU.ActiveCfg = Release|Any CPU
		{874C8E11-1ADB-4649-8884-CECCA53319AE}.Release|Any CPU.Build.0 = Release|Any CPU
		{3D2AD456-B36E-4600-9D28-D96A6DF10EBE}.Debug|Any CPU.ActiveCfg = Debug|Any CPU
		{3D2AD456-B36E-4600-9D28-D96A6DF10EBE}.Debug|Any CPU.Build.0 = Debug|Any CPU
		{3D2AD456-B36E-4600-9D28-D96A6DF10EBE}.Release|Any CPU.ActiveCfg = Release|Any CPU
		{3D2AD456-B36E-4600-9D28-D96A6DF10EBE}.Release|Any CPU.Build.0 = Release|Any CPU
	EndGlobalSection
	GlobalSection(SolutionProperties) = preSolution
		HideSolutionNode = FALSE
	EndGlobalSection
	GlobalSection(ExtensibilityGlobals) = postSolution
		SolutionGuid = {49C6DD1E-159D-4E3C-AE0F-4C2E1FC1B1CA}
	EndGlobalSection
EndGlobal
